
Microsoft Visual Studio Solution File, Format Version 12.00
# Visual Studio Version 16
VisualStudioVersion = 16.0.28803.156
MinimumVisualStudioVersion = 10.0.40219.1
Project("{FAE04EC0-301F-11D3-BF4B-00C04F79EFBC}") = "GymApp", "GymApp\GymApp.csproj", "{708B1213-1482-48C4-B659-3606DA80784B}"
EndProject
Project("{9A19103F-16F7-4668-BE54-9A1E7A4F7556}") = "GymApi", "..\..\..\source\repos\GymApi\GymApi\GymApi.csproj", "{DFA48798-A444-49BE-8367-2C497317C453}"
EndProject
Project("{9A19103F-16F7-4668-BE54-9A1E7A4F7556}") = "WebApi", "..\..\WebApi\WebApi\WebApi.csproj", "{C40E893B-DE81-49D6-ADEA-E6B97492DBA6}"
EndProject
Global
	GlobalSection(SolutionConfigurationPlatforms) = preSolution
		Debug|Any CPU = Debug|Any CPU
		Release|Any CPU = Release|Any CPU
	EndGlobalSection
	GlobalSection(ProjectConfigurationPlatforms) = postSolution
		{708B1213-1482-48C4-B659-3606DA80784B}.Debug|Any CPU.ActiveCfg = Debug|Any CPU
		{708B1213-1482-48C4-B659-3606DA80784B}.Debug|Any CPU.Build.0 = Debug|Any CPU
		{708B1213-1482-48C4-B659-3606DA80784B}.Debug|Any CPU.Deploy.0 = Debug|Any CPU
		{708B1213-1482-48C4-B659-3606DA80784B}.Release|Any CPU.ActiveCfg = Release|Any CPU
		{708B1213-1482-48C4-B659-3606DA80784B}.Release|Any CPU.Build.0 = Release|Any CPU
		{708B1213-1482-48C4-B659-3606DA80784B}.Release|Any CPU.Deploy.0 = Release|Any CPU
		{DFA48798-A444-49BE-8367-2C497317C453}.Debug|Any CPU.ActiveCfg = Debug|Any CPU
		{DFA48798-A444-49BE-8367-2C497317C453}.Debug|Any CPU.Build.0 = Debug|Any CPU
		{DFA48798-A444-49BE-8367-2C497317C453}.Release|Any CPU.ActiveCfg = Release|Any CPU
		{DFA48798-A444-49BE-8367-2C497317C453}.Release|Any CPU.Build.0 = Release|Any CPU
		{C40E893B-DE81-49D6-ADEA-E6B97492DBA6}.Debug|Any CPU.ActiveCfg = Debug|Any CPU
		{C40E893B-DE81-49D6-ADEA-E6B97492DBA6}.Debug|Any CPU.Build.0 = Debug|Any CPU
		{C40E893B-DE81-49D6-ADEA-E6B97492DBA6}.Release|Any CPU.ActiveCfg = Release|Any CPU
		{C40E893B-DE81-49D6-ADEA-E6B97492DBA6}.Release|Any CPU.Build.0 = Release|Any CPU
	EndGlobalSection
	GlobalSection(SolutionProperties) = preSolution
		HideSolutionNode = FALSE
	EndGlobalSection
	GlobalSection(ExtensibilityGlobals) = postSolution
		SolutionGuid = {DCEAE9F2-A6D0-4CCE-9F3B-A5CCD4CD041B}
	EndGlobalSection
EndGlobal
